
Microsoft Visual Studio Solution File, Format Version 12.00
# Visual Studio Version 16
VisualStudioVersion = 16.0.30320.27
MinimumVisualStudioVersion = 10.0.40219.1
Project("{8BC9CEB8-8B4A-11D0-8D11-00A0C91BC942}") = "HomeExercise2.1", "HomeExercise2.1\HomeExercise2.1.vcxproj", "{14967802-8888-4558-B63F-0568AF4BA623}"
EndProject
Project("{8BC9CEB8-8B4A-11D0-8D11-00A0C91BC942}") = "HomeExercise2.2", "HomeExercise.2.2\HomeExercise.2.2.vcxproj", "{DB4CDC65-BD2C-4B6D-805C-FF023E047E1A}"
EndProject
Project("{8BC9CEB8-8B4A-11D0-8D11-00A0C91BC942}") = "HomeExercise2.3", "HomeExercise2.3\HomeExercise2.3.vcxproj", "{780043F0-1DA9-4FD0-9725-9C21D214F4F0}"
EndProject
Project("{8BC9CEB8-8B4A-11D0-8D11-00A0C91BC942}") = "HomeExercise2.4", "HomeExercise2.4\HomeExercise2.4.vcxproj", "{A9B7823E-910D-45BF-91DF-38517A44B817}"
EndProject
Global
	GlobalSection(SolutionConfigurationPlatforms) = preSolution
		Debug|x64 = Debug|x64
		Debug|x86 = Debug|x86
		Release|x64 = Release|x64
		Release|x86 = Release|x86
	EndGlobalSection
	GlobalSection(ProjectConfigurationPlatforms) = postSolution
		{14967802-8888-4558-B63F-0568AF4BA623}.Debug|x64.ActiveCfg = Debug|x64
		{14967802-8888-4558-B63F-0568AF4BA623}.Debug|x64.Build.0 = Debug|x64
		{14967802-8888-4558-B63F-0568AF4BA623}.Debug|x86.ActiveCfg = Debug|Win32
		{14967802-8888-4558-B63F-0568AF4BA623}.Debug|x86.Build.0 = Debug|Win32
		{14967802-8888-4558-B63F-0568AF4BA623}.Release|x64.ActiveCfg = Release|x64
		{14967802-8888-4558-B63F-0568AF4BA623}.Release|x64.Build.0 = Release|x64
		{14967802-8888-4558-B63F-0568AF4BA623}.Release|x86.ActiveCfg = Release|Win32
		{14967802-8888-4558-B63F-0568AF4BA623}.Release|x86.Build.0 = Release|Win32
		{DB4CDC65-BD2C-4B6D-805C-FF023E047E1A}.Debug|x64.ActiveCfg = Debug|x64
		{DB4CDC65-BD2C-4B6D-805C-FF023E047E1A}.Debug|x64.Build.0 = Debug|x64
		{DB4CDC65-BD2C-4B6D-805C-FF023E047E1A}.Debug|x86.ActiveCfg = Debug|Win32
		{DB4CDC65-BD2C-4B6D-805C-FF023E047E1A}.Debug|x86.Build.0 = Debug|Win32
		{DB4CDC65-BD2C-4B6D-805C-FF023E047E1A}.Release|x64.ActiveCfg = Release|x64
		{DB4CDC65-BD2C-4B6D-805C-FF023E047E1A}.Release|x64.Build.0 = Release|x64
		{DB4CDC65-BD2C-4B6D-805C-FF023E047E1A}.Release|x86.ActiveCfg = Release|Win32
		{DB4CDC65-BD2C-4B6D-805C-FF023E047E1A}.Release|x86.Build.0 = Release|Win32
		{780043F0-1DA9-4FD0-9725-9C21D214F4F0}.Debug|x64.ActiveCfg = Debug|x64
		{780043F0-1DA9-4FD0-9725-9C21D214F4F0}.Debug|x64.Build.0 = Debug|x64
		{780043F0-1DA9-4FD0-9725-9C21D214F4F0}.Debug|x86.ActiveCfg = Debug|Win32
		{780043F0-1DA9-4FD0-9725-9C21D214F4F0}.Debug|x86.Build.0 = Debug|Win32
		{780043F0-1DA9-4FD0-9725-9C21D214F4F0}.Release|x64.ActiveCfg = Release|x64
		{780043F0-1DA9-4FD0-9725-9C21D214F4F0}.Release|x64.Build.0 = Release|x64
		{780043F0-1DA9-4FD0-9725-9C21D214F4F0}.Release|x86.ActiveCfg = Release|Win32
		{780043F0-1DA9-4FD0-9725-9C21D214F4F0}.Release|x86.Build.0 = Release|Win32
		{A9B7823E-910D-45BF-91DF-38517A44B817}.Debug|x64.ActiveCfg = Debug|x64
		{A9B7823E-910D-45BF-91DF-38517A44B817}.Debug|x64.Build.0 = Debug|x64
		{A9B7823E-910D-45BF-91DF-38517A44B817}.Debug|x86.ActiveCfg = Debug|Win32
		{A9B7823E-910D-45BF-91DF-38517A44B817}.Debug|x86.Build.0 = Debug|Win32
		{A9B7823E-910D-45BF-91DF-38517A44B817}.Release|x64.ActiveCfg = Release|x64
		{A9B7823E-910D-45BF-91DF-38517A44B817}.Release|x64.Build.0 = Release|x64
		{A9B7823E-910D-45BF-91DF-38517A44B817}.Release|x86.ActiveCfg = Release|Win32
		{A9B7823E-910D-45BF-91DF-38517A44B817}.Release|x86.Build.0 = Release|Win32
	EndGlobalSection
	GlobalSection(SolutionProperties) = preSolution
		HideSolutionNode = FALSE
	EndGlobalSection
	GlobalSection(ExtensibilityGlobals) = postSolution
		SolutionGuid = {7AA3DD54-BCAF-4493-B852-38838288709B}
	EndGlobalSection
EndGlobal
